
Microsoft Visual Studio Solution File, Format Version 12.00
# Visual Studio 15
VisualStudioVersion = 15.0.28307.329
MinimumVisualStudioVersion = 10.0.40219.1
Project("{FAE04EC0-301F-11D3-BF4B-00C04F79EFBC}") = "BannerflowTest.API", "BannerflowTest.API\BannerflowTest.API.csproj", "{DF3A1F50-BB0F-4D39-8B34-EB5F217374BA}"
EndProject
Project("{FAE04EC0-301F-11D3-BF4B-00C04F79EFBC}") = "BannerflowTest.Domain", "BannerflowTest.Domain\BannerflowTest.Domain.csproj", "{112587E9-EDFF-4462-B530-4FB0CDC3C8FA}"
EndProject
Project("{FAE04EC0-301F-11D3-BF4B-00C04F79EFBC}") = "BannerflowTest.Data", "BannerflowTest.Data\BannerflowTest.Data.csproj", "{055D57C5-DF8B-4FCD-8B61-8E3C457FB340}"
EndProject
Project("{FAE04EC0-301F-11D3-BF4B-00C04F79EFBC}") = "BannerflowTest.Tests", "BannerflowTest.Tests\BannerflowTest.Tests.csproj", "{264A14E8-2B41-4809-A4AC-24BEBBE30427}"
EndProject
Global
	GlobalSection(SolutionConfigurationPlatforms) = preSolution
		Debug|Any CPU = Debug|Any CPU
		Release|Any CPU = Release|Any CPU
	EndGlobalSection
	GlobalSection(ProjectConfigurationPlatforms) = postSolution
		{DF3A1F50-BB0F-4D39-8B34-EB5F217374BA}.Debug|Any CPU.ActiveCfg = Debug|Any CPU
		{DF3A1F50-BB0F-4D39-8B34-EB5F217374BA}.Debug|Any CPU.Build.0 = Debug|Any CPU
		{DF3A1F50-BB0F-4D39-8B34-EB5F217374BA}.Release|Any CPU.ActiveCfg = Release|Any CPU
		{DF3A1F50-BB0F-4D39-8B34-EB5F217374BA}.Release|Any CPU.Build.0 = Release|Any CPU
		{112587E9-EDFF-4462-B530-4FB0CDC3C8FA}.Debug|Any CPU.ActiveCfg = Debug|Any CPU
		{112587E9-EDFF-4462-B530-4FB0CDC3C8FA}.Debug|Any CPU.Build.0 = Debug|Any CPU
		{112587E9-EDFF-4462-B530-4FB0CDC3C8FA}.Release|Any CPU.ActiveCfg = Release|Any CPU
		{112587E9-EDFF-4462-B530-4FB0CDC3C8FA}.Release|Any CPU.Build.0 = Release|Any CPU
		{055D57C5-DF8B-4FCD-8B61-8E3C457FB340}.Debug|Any CPU.ActiveCfg = Debug|Any CPU
		{055D57C5-DF8B-4FCD-8B61-8E3C457FB340}.Debug|Any CPU.Build.0 = Debug|Any CPU
		{055D57C5-DF8B-4FCD-8B61-8E3C457FB340}.Release|Any CPU.ActiveCfg = Release|Any CPU
		{055D57C5-DF8B-4FCD-8B61-8E3C457FB340}.Release|Any CPU.Build.0 = Release|Any CPU
		{264A14E8-2B41-4809-A4AC-24BEBBE30427}.Debug|Any CPU.ActiveCfg = Debug|Any CPU
		{264A14E8-2B41-4809-A4AC-24BEBBE30427}.Debug|Any CPU.Build.0 = Debug|Any CPU
		{264A14E8-2B41-4809-A4AC-24BEBBE30427}.Release|Any CPU.ActiveCfg = Release|Any CPU
		{264A14E8-2B41-4809-A4AC-24BEBBE30427}.Release|Any CPU.Build.0 = Release|Any CPU
	EndGlobalSection
	GlobalSection(SolutionProperties) = preSolution
		HideSolutionNode = FALSE
	EndGlobalSection
	GlobalSection(ExtensibilityGlobals) = postSolution
		SolutionGuid = {CFD48474-01DB-4A06-8603-5DFBF3CBCD31}
	EndGlobalSection
EndGlobal
